{
  "name": "yard-sale-finder",
  "version": "0.1.0",
  "lockfileVersion": 3,
  "requires": true,
  "packages": {
    "": {
      "name": "yard-sale-finder",
      "version": "0.1.0",
      "license": "MIT",
      "dependencies": {
        "@googlemaps/js-api-loader": "^1.16.10",
        "@playwright/test": "^1.55.1",
        "@sentry/nextjs": "^8.55.0",
        "next": "^14.2.4",
        "react": "^18.3.1",
        "react-dom": "^18.3.1",
        "@supabase/ssr": "^0.5.2",
        "@supabase/supabase-js": "^2.58.0",
        "@tanstack/react-query": "^5.90.2",
        "@testing-library/dom": "^10.4.1",
        "@testing-library/jest-dom": "^6.8.0",
        "@testing-library/react": "^16.3.0",
        "@testing-library/user-event": "^14.6.1",
        "@types/node": "^20.19.17",
        "@types/react": "^18.3.24",
        "@vitejs/plugin-react": "^4.7.0",
        "autoprefixer": "^10.4.21",
        "postcss": "^8.5.6",
        "clsx": "^2.1.1",
        "dompurify": "^3.2.7",
        "eslint": "^8.57.1",
        "husky": "^9.1.7",
        "jsdom": "^25.0.1",
        "lint-staged": "^15.5.2",
        "msw": "^2.11.3",
        "prettier": "^3.6.2",
        "react-virtuoso": "^4.14.1",
        "tailwindcss": "^3.4.17",
        "tsx": "^4.20.6",
        "typescript": "^5.9.2",
        "vitest": "^2.1.9",
        "web-push": "^3.6.7",
        "web-vitals": "^4.2.4",
        "zod": "^3.25.76",
        "playwright": "^1.55.1"
      },
      "devDependencies": {
        "@upstash/redis": "^1.35.4"
      }
    }
  }
}
