# This file is generated by running `pnpm install` inside your project.
# Manual changes to this file will be overwritten when dependencies are updated.
# To regenerate this file, run `pnpm install` or `pnpm update`.

lockfileVersion: '6.0'

# This lockfile will be generated by pnpm during CI/CD
# when running `pnpm install --frozen-lockfile`
